
Microsoft Visual Studio Solution File, Format Version 12.00
# Visual Studio Version 17
VisualStudioVersion = 17.4.33213.308
MinimumVisualStudioVersion = 10.0.40219.1
Project("{FAE04EC0-301F-11D3-BF4B-00C04F79EFBC}") = "8ChannelOscilloscope_FiniteSamples", "8ChannelOscilloscope_FiniteSamples\8ChannelOscilloscope_FiniteSamples.csproj", "{76581765-55BA-46B3-8D17-24AE395BFB3D}"
EndProject
Global
	GlobalSection(SolutionConfigurationPlatforms) = preSolution
		Debug|Any CPU = Debug|Any CPU
		Release|Any CPU = Release|Any CPU
	EndGlobalSection
	GlobalSection(ProjectConfigurationPlatforms) = postSolution
		{76581765-55BA-46B3-8D17-24AE395BFB3D}.Debug|Any CPU.ActiveCfg = Debug|Any CPU
		{76581765-55BA-46B3-8D17-24AE395BFB3D}.Debug|Any CPU.Build.0 = Debug|Any CPU
		{76581765-55BA-46B3-8D17-24AE395BFB3D}.Release|Any CPU.ActiveCfg = Release|Any CPU
		{76581765-55BA-46B3-8D17-24AE395BFB3D}.Release|Any CPU.Build.0 = Release|Any CPU
	EndGlobalSection
	GlobalSection(SolutionProperties) = preSolution
		HideSolutionNode = FALSE
	EndGlobalSection
	GlobalSection(ExtensibilityGlobals) = postSolution
		SolutionGuid = {11A32950-8E90-4BAA-9385-833CDC2647F0}
	EndGlobalSection
EndGlobal
